
Microsoft Visual Studio Solution File, Format Version 12.00
# Visual Studio Version 17
VisualStudioVersion = 17.5.002.0
MinimumVisualStudioVersion = 10.0.40219.1
Project("{2150E333-8FDC-42A3-9474-1A3956D46DE8}") = "csharp-prep", "csharp-prep", "{0C7C1E07-6749-4DDF-BADD-DAC134B402A1}"
EndProject
Project("{9A19103F-16F7-4668-BE54-9A1E7A4F7556}") = "Prep1", "csharp-prep\Prep1\Prep1.csproj", "{138C5D1B-8C7C-41BC-AC07-64645C423A0B}"
EndProject
Project("{9A19103F-16F7-4668-BE54-9A1E7A4F7556}") = "Prep2", "csharp-prep\Prep2\Prep2.csproj", "{D45271DB-C160-4762-8D75-5F2EDE6770DF}"
EndProject
Project("{9A19103F-16F7-4668-BE54-9A1E7A4F7556}") = "Prep3", "csharp-prep\Prep3\Prep3.csproj", "{02C32524-0B9E-48A6-BD6E-B2B2499C4166}"
EndProject
Project("{9A19103F-16F7-4668-BE54-9A1E7A4F7556}") = "Prep4", "csharp-prep\Prep4\Prep4.csproj", "{CE83F956-DD14-4EC9-A741-99A151BC7693}"
EndProject
Project("{9A19103F-16F7-4668-BE54-9A1E7A4F7556}") = "Prep5", "csharp-prep\Prep5\Prep5.csproj", "{24394A06-D82F-4DD6-8996-880D5222A46D}"
EndProject
Project("{2150E333-8FDC-42A3-9474-1A3956D46DE8}") = "final", "final", "{3FD514B8-F2D7-4793-BFEC-FDFBA2B17284}"
EndProject
Project("{9A19103F-16F7-4668-BE54-9A1E7A4F7556}") = "FinalProject", "final\FinalProject\FinalProject.csproj", "{384986F6-BBF7-4F2B-AD43-7A7FEE45CEAB}"
EndProject
Project("{9A19103F-16F7-4668-BE54-9A1E7A4F7556}") = "Foundation1", "final\Foundation1\Foundation1.csproj", "{6CD01F3E-493E-4E3F-9E12-4747DADD3AA5}"
EndProject
Project("{9A19103F-16F7-4668-BE54-9A1E7A4F7556}") = "Foundation2", "final\Foundation2\Foundation2.csproj", "{B64CECDA-B8A7-4CB9-8D50-D65CDC511B5A}"
EndProject
Project("{9A19103F-16F7-4668-BE54-9A1E7A4F7556}") = "Foundation3", "final\Foundation3\Foundation3.csproj", "{B1670355-B239-41E8-B4C6-B935A54DAA58}"
EndProject
Project("{9A19103F-16F7-4668-BE54-9A1E7A4F7556}") = "Foundation4", "final\Foundation4\Foundation4.csproj", "{207E325C-D6F7-4B07-8C96-89AE70929DFB}"
EndProject
Project("{2150E333-8FDC-42A3-9474-1A3956D46DE8}") = "prepare", "prepare", "{72FB70E0-B264-417B-A9F3-4284029213E1}"
EndProject
Project("{9A19103F-16F7-4668-BE54-9A1E7A4F7556}") = "Learning02", "prepare\Learning02\Learning02.csproj", "{6B63A78E-088F-4CE6-82C0-2D7BCF4C5863}"
EndProject
Project("{9A19103F-16F7-4668-BE54-9A1E7A4F7556}") = "Learning03", "prepare\Learning03\Learning03.csproj", "{22F69FD2-08F1-4CC0-AEE6-1526DBB3744C}"
EndProject
Project("{9A19103F-16F7-4668-BE54-9A1E7A4F7556}") = "Learning04", "prepare\Learning04\Learning04.csproj", "{8886C5F8-EDB9-43A9-AC6E-D86DF4135918}"
EndProject
Project("{9A19103F-16F7-4668-BE54-9A1E7A4F7556}") = "Learning05", "prepare\Learning05\Learning05.csproj", "{82FC2BF7-5A45-4158-A3F6-CA165D18E555}"
EndProject
Project("{2150E333-8FDC-42A3-9474-1A3956D46DE8}") = "prove", "prove", "{712F7BEC-D56B-4B93-978F-2D300D51FDC8}"
EndProject
Project("{9A19103F-16F7-4668-BE54-9A1E7A4F7556}") = "Develop02", "prove\Develop02\Develop02.csproj", "{F72E63D3-0E2D-46E9-9792-C11246C2ABB6}"
EndProject
Project("{9A19103F-16F7-4668-BE54-9A1E7A4F7556}") = "Develop03", "prove\Develop03\Develop03.csproj", "{84D8E1BF-7461-4D7F-8223-D088F4C4C7B9}"
EndProject
Project("{9A19103F-16F7-4668-BE54-9A1E7A4F7556}") = "Develop04", "prove\Develop04\Develop04.csproj", "{3DDDD503-BCD3-4E87-9354-8EDD6E4C90B5}"
EndProject
Project("{9A19103F-16F7-4668-BE54-9A1E7A4F7556}") = "Develop05", "prove\Develop05\Develop05.csproj", "{3196B61D-3D48-44B7-BD99-2BB42DA1799B}"
EndProject
Project("{2150E333-8FDC-42A3-9474-1A3956D46DE8}") = "sandbox", "sandbox", "{0A3AD3FA-B2A5-4302-A1A0-A703968B1BD1}"
EndProject
Project("{9A19103F-16F7-4668-BE54-9A1E7A4F7556}") = "Sandbox", "sandbox\Sandbox\Sandbox.csproj", "{88329FFA-D2E8-43D4-9496-2233E2A972EA}"
EndProject
Global
	GlobalSection(SolutionConfigurationPlatforms) = preSolution
		Debug|Any CPU = Debug|Any CPU
		Release|Any CPU = Release|Any CPU
	EndGlobalSection
	GlobalSection(ProjectConfigurationPlatforms) = postSolution
		{138C5D1B-8C7C-41BC-AC07-64645C423A0B}.Debug|Any CPU.ActiveCfg = Debug|Any CPU
		{138C5D1B-8C7C-41BC-AC07-64645C423A0B}.Debug|Any CPU.Build.0 = Debug|Any CPU
		{138C5D1B-8C7C-41BC-AC07-64645C423A0B}.Release|Any CPU.ActiveCfg = Release|Any CPU
		{138C5D1B-8C7C-41BC-AC07-64645C423A0B}.Release|Any CPU.Build.0 = Release|Any CPU
		{D45271DB-C160-4762-8D75-5F2EDE6770DF}.Debug|Any CPU.ActiveCfg = Debug|Any CPU
		{D45271DB-C160-4762-8D75-5F2EDE6770DF}.Debug|Any CPU.Build.0 = Debug|Any CPU
		{D45271DB-C160-4762-8D75-5F2EDE6770DF}.Release|Any CPU.ActiveCfg = Release|Any CPU
		{D45271DB-C160-4762-8D75-5F2EDE6770DF}.Release|Any CPU.Build.0 = Release|Any CPU
		{02C32524-0B9E-48A6-BD6E-B2B2499C4166}.Debug|Any CPU.ActiveCfg = Debug|Any CPU
		{02C32524-0B9E-48A6-BD6E-B2B2499C4166}.Debug|Any CPU.Build.0 = Debug|Any CPU
		{02C32524-0B9E-48A6-BD6E-B2B2499C4166}.Release|Any CPU.ActiveCfg = Release|Any CPU
		{02C32524-0B9E-48A6-BD6E-B2B2499C4166}.Release|Any CPU.Build.0 = Release|Any CPU
		{CE83F956-DD14-4EC9-A741-99A151BC7693}.Debug|Any CPU.ActiveCfg = Debug|Any CPU
		{CE83F956-DD14-4EC9-A741-99A151BC7693}.Debug|Any CPU.Build.0 = Debug|Any CPU
		{CE83F956-DD14-4EC9-A741-99A151BC7693}.Release|Any CPU.ActiveCfg = Release|Any CPU
		{CE83F956-DD14-4EC9-A741-99A151BC7693}.Release|Any CPU.Build.0 = Release|Any CPU
		{24394A06-D82F-4DD6-8996-880D5222A46D}.Debug|Any CPU.ActiveCfg = Debug|Any CPU
		{24394A06-D82F-4DD6-8996-880D5222A46D}.Debug|Any CPU.Build.0 = Debug|Any CPU
		{24394A06-D82F-4DD6-8996-880D5222A46D}.Release|Any CPU.ActiveCfg = Release|Any CPU
		{24394A06-D82F-4DD6-8996-880D5222A46D}.Release|Any CPU.Build.0 = Release|Any CPU
		{384986F6-BBF7-4F2B-AD43-7A7FEE45CEAB}.Debug|Any CPU.ActiveCfg = Debug|Any CPU
		{384986F6-BBF7-4F2B-AD43-7A7FEE45CEAB}.Debug|Any CPU.Build.0 = Debug|Any CPU
		{384986F6-BBF7-4F2B-AD43-7A7FEE45CEAB}.Release|Any CPU.ActiveCfg = Release|Any CPU
		{384986F6-BBF7-4F2B-AD43-7A7FEE45CEAB}.Release|Any CPU.Build.0 = Release|Any CPU
		{6CD01F3E-493E-4E3F-9E12-4747DADD3AA5}.Debug|Any CPU.ActiveCfg = Debug|Any CPU
		{6CD01F3E-493E-4E3F-9E12-4747DADD3AA5}.Debug|Any CPU.Build.0 = Debug|Any CPU
		{6CD01F3E-493E-4E3F-9E12-4747DADD3AA5}.Release|Any CPU.ActiveCfg = Release|Any CPU
		{6CD01F3E-493E-4E3F-9E12-4747DADD3AA5}.Release|Any CPU.Build.0 = Release|Any CPU
		{B64CECDA-B8A7-4CB9-8D50-D65CDC511B5A}.Debug|Any CPU.ActiveCfg = Debug|Any CPU
		{B64CECDA-B8A7-4CB9-8D50-D65CDC511B5A}.Debug|Any CPU.Build.0 = Debug|Any CPU
		{B64CECDA-B8A7-4CB9-8D50-D65CDC511B5A}.Release|Any CPU.ActiveCfg = Release|Any CPU
		{B64CECDA-B8A7-4CB9-8D50-D65CDC511B5A}.Release|Any CPU.Build.0 = Release|Any CPU
		{B1670355-B239-41E8-B4C6-B935A54DAA58}.Debug|Any CPU.ActiveCfg = Debug|Any CPU
		{B1670355-B239-41E8-B4C6-B935A54DAA58}.Debug|Any CPU.Build.0 = Debug|Any CPU
		{B1670355-B239-41E8-B4C6-B935A54DAA58}.Release|Any CPU.ActiveCfg = Release|Any CPU
		{B1670355-B239-41E8-B4C6-B935A54DAA58}.Release|Any CPU.Build.0 = Release|Any CPU
		{207E325C-D6F7-4B07-8C96-89AE70929DFB}.Debug|Any CPU.ActiveCfg = Debug|Any CPU
		{207E325C-D6F7-4B07-8C96-89AE70929DFB}.Debug|Any CPU.Build.0 = Debug|Any CPU
		{207E325C-D6F7-4B07-8C96-89AE70929DFB}.Release|Any CPU.ActiveCfg = Release|Any CPU
		{207E325C-D6F7-4B07-8C96-89AE70929DFB}.Release|Any CPU.Build.0 = Release|Any CPU
		{6B63A78E-088F-4CE6-82C0-2D7BCF4C5863}.Debug|Any CPU.ActiveCfg = Debug|Any CPU
		{6B63A78E-088F-4CE6-82C0-2D7BCF4C5863}.Debug|Any CPU.Build.0 = Debug|Any CPU
		{6B63A78E-088F-4CE6-82C0-2D7BCF4C5863}.Release|Any CPU.ActiveCfg = Release|Any CPU
		{6B63A78E-088F-4CE6-82C0-2D7BCF4C5863}.Release|Any CPU.Build.0 = Release|Any CPU
		{22F69FD2-08F1-4CC0-AEE6-1526DBB3744C}.Debug|Any CPU.ActiveCfg = Debug|Any CPU
		{22F69FD2-08F1-4CC0-AEE6-1526DBB3744C}.Debug|Any CPU.Build.0 = Debug|Any CPU
		{22F69FD2-08F1-4CC0-AEE6-1526DBB3744C}.Release|Any CPU.ActiveCfg = Release|Any CPU
		{22F69FD2-08F1-4CC0-AEE6-1526DBB3744C}.Release|Any CPU.Build.0 = Release|Any CPU
		{8886C5F8-EDB9-43A9-AC6E-D86DF4135918}.Debug|Any CPU.ActiveCfg = Debug|Any CPU
		{8886C5F8-EDB9-43A9-AC6E-D86DF4135918}.Debug|Any CPU.Build.0 = Debug|Any CPU
		{8886C5F8-EDB9-43A9-AC6E-D86DF4135918}.Release|Any CPU.ActiveCfg = Release|Any CPU
		{8886C5F8-EDB9-43A9-AC6E-D86DF4135918}.Release|Any CPU.Build.0 = Release|Any CPU
		{82FC2BF7-5A45-4158-A3F6-CA165D18E555}.Debug|Any CPU.ActiveCfg = Debug|Any CPU
		{82FC2BF7-5A45-4158-A3F6-CA165D18E555}.Debug|Any CPU.Build.0 = Debug|Any CPU
		{82FC2BF7-5A45-4158-A3F6-CA165D18E555}.Release|Any CPU.ActiveCfg = Release|Any CPU
		{82FC2BF7-5A45-4158-A3F6-CA165D18E555}.Release|Any CPU.Build.0 = Release|Any CPU
		{F72E63D3-0E2D-46E9-9792-C11246C2ABB6}.Debug|Any CPU.ActiveCfg = Debug|Any CPU
		{F72E63D3-0E2D-46E9-9792-C11246C2ABB6}.Debug|Any CPU.Build.0 = Debug|Any CPU
		{F72E63D3-0E2D-46E9-9792-C11246C2ABB6}.Release|Any CPU.ActiveCfg = Release|Any CPU
		{F72E63D3-0E2D-46E9-9792-C11246C2ABB6}.Release|Any CPU.Build.0 = Release|Any CPU
		{84D8E1BF-7461-4D7F-8223-D088F4C4C7B9}.Debug|Any CPU.ActiveCfg = Debug|Any CPU
		{84D8E1BF-7461-4D7F-8223-D088F4C4C7B9}.Debug|Any CPU.Build.0 = Debug|Any CPU
		{84D8E1BF-7461-4D7F-8223-D088F4C4C7B9}.Release|Any CPU.ActiveCfg = Release|Any CPU
		{84D8E1BF-7461-4D7F-8223-D088F4C4C7B9}.Release|Any CPU.Build.0 = Release|Any CPU
		{3DDDD503-BCD3-4E87-9354-8EDD6E4C90B5}.Debug|Any CPU.ActiveCfg = Debug|Any CPU
		{3DDDD503-BCD3-4E87-9354-8EDD6E4C90B5}.Debug|Any CPU.Build.0 = Debug|Any CPU
		{3DDDD503-BCD3-4E87-9354-8EDD6E4C90B5}.Release|Any CPU.ActiveCfg = Release|Any CPU
		{3DDDD503-BCD3-4E87-9354-8EDD6E4C90B5}.Release|Any CPU.Build.0 = Release|Any CPU
		{3196B61D-3D48-44B7-BD99-2BB42DA1799B}.Debug|Any CPU.ActiveCfg = Debug|Any CPU
		{3196B61D-3D48-44B7-BD99-2BB42DA1799B}.Debug|Any CPU.Build.0 = Debug|Any CPU
		{3196B61D-3D48-44B7-BD99-2BB42DA1799B}.Release|Any CPU.ActiveCfg = Release|Any CPU
		{3196B61D-3D48-44B7-BD99-2BB42DA1799B}.Release|Any CPU.Build.0 = Release|Any CPU
		{88329FFA-D2E8-43D4-9496-2233E2A972EA}.Debug|Any CPU.ActiveCfg = Debug|Any CPU
		{88329FFA-D2E8-43D4-9496-2233E2A972EA}.Debug|Any CPU.Build.0 = Debug|Any CPU
		{88329FFA-D2E8-43D4-9496-2233E2A972EA}.Release|Any CPU.ActiveCfg = Release|Any CPU
		{88329FFA-D2E8-43D4-9496-2233E2A972EA}.Release|Any CPU.Build.0 = Release|Any CPU
	EndGlobalSection
	GlobalSection(SolutionProperties) = preSolution
		HideSolutionNode = FALSE
	EndGlobalSection
	GlobalSection(NestedProjects) = preSolution
		{138C5D1B-8C7C-41BC-AC07-64645C423A0B} = {0C7C1E07-6749-4DDF-BADD-DAC134B402A1}
		{D45271DB-C160-4762-8D75-5F2EDE6770DF} = {0C7C1E07-6749-4DDF-BADD-DAC134B402A1}
		{02C32524-0B9E-48A6-BD6E-B2B2499C4166} = {0C7C1E07-6749-4DDF-BADD-DAC134B402A1}
		{CE83F956-DD14-4EC9-A741-99A151BC7693} = {0C7C1E07-6749-4DDF-BADD-DAC134B402A1}
		{24394A06-D82F-4DD6-8996-880D5222A46D} = {0C7C1E07-6749-4DDF-BADD-DAC134B402A1}
		{384986F6-BBF7-4F2B-AD43-7A7FEE45CEAB} = {3FD514B8-F2D7-4793-BFEC-FDFBA2B17284}
		{6CD01F3E-493E-4E3F-9E12-4747DADD3AA5} = {3FD514B8-F2D7-4793-BFEC-FDFBA2B17284}
		{B64CECDA-B8A7-4CB9-8D50-D65CDC511B5A} = {3FD514B8-F2D7-4793-BFEC-FDFBA2B17284}
		{B1670355-B239-41E8-B4C6-B935A54DAA58} = {3FD514B8-F2D7-4793-BFEC-FDFBA2B17284}
		{207E325C-D6F7-4B07-8C96-89AE70929DFB} = {3FD514B8-F2D7-4793-BFEC-FDFBA2B17284}
		{6B63A78E-088F-4CE6-82C0-2D7BCF4C5863} = {72FB70E0-B264-417B-A9F3-4284029213E1}
		{22F69FD2-08F1-4CC0-AEE6-1526DBB3744C} = {72FB70E0-B264-417B-A9F3-4284029213E1}
		{8886C5F8-EDB9-43A9-AC6E-D86DF4135918} = {72FB70E0-B264-417B-A9F3-4284029213E1}
		{82FC2BF7-5A45-4158-A3F6-CA165D18E555} = {72FB70E0-B264-417B-A9F3-4284029213E1}
		{F72E63D3-0E2D-46E9-9792-C11246C2ABB6} = {712F7BEC-D56B-4B93-978F-2D300D51FDC8}
		{84D8E1BF-7461-4D7F-8223-D088F4C4C7B9} = {712F7BEC-D56B-4B93-978F-2D300D51FDC8}
		{3DDDD503-BCD3-4E87-9354-8EDD6E4C90B5} = {712F7BEC-D56B-4B93-978F-2D300D51FDC8}
		{3196B61D-3D48-44B7-BD99-2BB42DA1799B} = {712F7BEC-D56B-4B93-978F-2D300D51FDC8}
		{88329FFA-D2E8-43D4-9496-2233E2A972EA} = {0A3AD3FA-B2A5-4302-A1A0-A703968B1BD1}
	EndGlobalSection
	GlobalSection(ExtensibilityGlobals) = postSolution
		SolutionGuid = {1F9A4EF5-7AE3-43E3-8E39-E7079B1FC31D}
	EndGlobalSection
EndGlobal
